
Microsoft Visual Studio Solution File, Format Version 12.00
# Visual Studio Version 17
VisualStudioVersion = 17.0.31903.59
MinimumVisualStudioVersion = 10.0.40219.1
Project("{2150E333-8FDC-42A3-9474-1A3956D46DE8}") = "src", "src", "{827E0CD3-B72D-47B6-A68D-7590B98EB39B}"
EndProject
Project("{FAE04EC0-301F-11D3-BF4B-00C04F79EFBC}") = "Hyveman.Api", "src\Hyveman.Api\Hyveman.Api.csproj", "{2519DD50-A79A-48C9-A3F3-ACDB35E95FB0}"
EndProject
Project("{FAE04EC0-301F-11D3-BF4B-00C04F79EFBC}") = "Hyveman.Application", "src\Hyveman.Application\Hyveman.Application.csproj", "{E16537AD-189A-4593-B390-CB39AF7A1E71}"
EndProject
Project("{FAE04EC0-301F-11D3-BF4B-00C04F79EFBC}") = "Hyveman.Domain", "src\Hyveman.Domain\Hyveman.Domain.csproj", "{772A1869-B9A7-4863-89D4-09EA36DB67F5}"
EndProject
Project("{FAE04EC0-301F-11D3-BF4B-00C04F79EFBC}") = "Hyveman.Protocol", "src\Hyveman.Protocol\Hyveman.Protocol.csproj", "{C888CC96-2109-48A2-970D-60AE15568DBE}"
EndProject
Project("{FAE04EC0-301F-11D3-BF4B-00C04F79EFBC}") = "Hyveman.Contracts", "src\Hyveman.Contracts\Hyveman.Contracts.csproj", "{85D31275-399E-4903-B94C-A29028DBB3F1}"
EndProject
Project("{FAE04EC0-301F-11D3-BF4B-00C04F79EFBC}") = "Hyveman.Infrastructure.Sqlite", "src\Hyveman.Infrastructure.Sqlite\Hyveman.Infrastructure.Sqlite.csproj", "{8DD9B1C8-DE48-40D2-A944-2C4052C634A3}"
EndProject
Project("{FAE04EC0-301F-11D3-BF4B-00C04F79EFBC}") = "Hyveman.Infrastructure.Security", "src\Hyveman.Infrastructure.Security\Hyveman.Infrastructure.Security.csproj", "{CC0E8101-50AA-481A-9F55-8F8586578752}"
EndProject
Project("{FAE04EC0-301F-11D3-BF4B-00C04F79EFBC}") = "Hyveman.Infrastructure.Redfish", "src\Hyveman.Infrastructure.Redfish\Hyveman.Infrastructure.Redfish.csproj", "{43E44090-03DC-4A62-9BF1-7E9865F28D60}"
EndProject
Project("{FAE04EC0-301F-11D3-BF4B-00C04F79EFBC}") = "Hyveman.Infrastructure.Notify", "src\Hyveman.Infrastructure.Notify\Hyveman.Infrastructure.Notify.csproj", "{A8CEC25C-2444-476B-8993-072780C79A87}"
EndProject
Project("{2150E333-8FDC-42A3-9474-1A3956D46DE8}") = "tests", "tests", "{0AB3BF05-4346-4AA6-1389-037BE0695223}"
EndProject
Project("{FAE04EC0-301F-11D3-BF4B-00C04F79EFBC}") = "Hyveman.Api.Tests", "tests\Hyveman.Api.Tests\Hyveman.Api.Tests.csproj", "{A07405A3-CC6D-47C1-91F7-15699B6A4B8D}"
EndProject
Project("{FAE04EC0-301F-11D3-BF4B-00C04F79EFBC}") = "Hyveman.Application.Tests", "tests\Hyveman.Application.Tests\Hyveman.Application.Tests.csproj", "{B2B52550-6980-4D84-B200-4FA37024C848}"
EndProject
Project("{FAE04EC0-301F-11D3-BF4B-00C04F79EFBC}") = "Hyveman.Contract.Tests", "tests\Hyveman.Contract.Tests\Hyveman.Contract.Tests.csproj", "{CC3FE7C1-A181-4377-B3E0-9D361A786500}"
EndProject
Project("{FAE04EC0-301F-11D3-BF4B-00C04F79EFBC}") = "Hyveman.Infrastructure.Tests", "tests\Hyveman.Infrastructure.Tests\Hyveman.Infrastructure.Tests.csproj", "{32DBC580-3973-4587-A3C6-E7CD953730DE}"
EndProject
Project("{FAE04EC0-301F-11D3-BF4B-00C04F79EFBC}") = "Hyveman.Protocol.Tests", "tests\Hyveman.Protocol.Tests\Hyveman.Protocol.Tests.csproj", "{441822D6-26EC-42BC-A3FA-3FCF34BD3325}"
EndProject
Global
	GlobalSection(SolutionConfigurationPlatforms) = preSolution
		Debug|Any CPU = Debug|Any CPU
		Debug|x64 = Debug|x64
		Debug|x86 = Debug|x86
		Release|Any CPU = Release|Any CPU
		Release|x64 = Release|x64
		Release|x86 = Release|x86
	EndGlobalSection
	GlobalSection(ProjectConfigurationPlatforms) = postSolution
		{2519DD50-A79A-48C9-A3F3-ACDB35E95FB0}.Debug|Any CPU.ActiveCfg = Debug|Any CPU
		{2519DD50-A79A-48C9-A3F3-ACDB35E95FB0}.Debug|Any CPU.Build.0 = Debug|Any CPU
		{2519DD50-A79A-48C9-A3F3-ACDB35E95FB0}.Debug|x64.ActiveCfg = Debug|Any CPU
		{2519DD50-A79A-48C9-A3F3-ACDB35E95FB0}.Debug|x64.Build.0 = Debug|Any CPU
		{2519DD50-A79A-48C9-A3F3-ACDB35E95FB0}.Debug|x86.ActiveCfg = Debug|Any CPU
		{2519DD50-A79A-48C9-A3F3-ACDB35E95FB0}.Debug|x86.Build.0 = Debug|Any CPU
		{2519DD50-A79A-48C9-A3F3-ACDB35E95FB0}.Release|Any CPU.ActiveCfg = Release|Any CPU
		{2519DD50-A79A-48C9-A3F3-ACDB35E95FB0}.Release|Any CPU.Build.0 = Release|Any CPU
		{2519DD50-A79A-48C9-A3F3-ACDB35E95FB0}.Release|x64.ActiveCfg = Release|Any CPU
		{2519DD50-A79A-48C9-A3F3-ACDB35E95FB0}.Release|x64.Build.0 = Release|Any CPU
		{2519DD50-A79A-48C9-A3F3-ACDB35E95FB0}.Release|x86.ActiveCfg = Release|Any CPU
		{2519DD50-A79A-48C9-A3F3-ACDB35E95FB0}.Release|x86.Build.0 = Release|Any CPU
		{E16537AD-189A-4593-B390-CB39AF7A1E71}.Debug|Any CPU.ActiveCfg = Debug|Any CPU
		{E16537AD-189A-4593-B390-CB39AF7A1E71}.Debug|Any CPU.Build.0 = Debug|Any CPU
		{E16537AD-189A-4593-B390-CB39AF7A1E71}.Debug|x64.ActiveCfg = Debug|Any CPU
		{E16537AD-189A-4593-B390-CB39AF7A1E71}.Debug|x64.Build.0 = Debug|Any CPU
		{E16537AD-189A-4593-B390-CB39AF7A1E71}.Debug|x86.ActiveCfg = Debug|Any CPU
		{E16537AD-189A-4593-B390-CB39AF7A1E71}.Debug|x86.Build.0 = Debug|Any CPU
		{E16537AD-189A-4593-B390-CB39AF7A1E71}.Release|Any CPU.ActiveCfg = Release|Any CPU
		{E16537AD-189A-4593-B390-CB39AF7A1E71}.Release|Any CPU.Build.0 = Release|Any CPU
		{E16537AD-189A-4593-B390-CB39AF7A1E71}.Release|x64.ActiveCfg = Release|Any CPU
		{E16537AD-189A-4593-B390-CB39AF7A1E71}.Release|x64.Build.0 = Release|Any CPU
		{E16537AD-189A-4593-B390-CB39AF7A1E71}.Release|x86.ActiveCfg = Release|Any CPU
		{E16537AD-189A-4593-B390-CB39AF7A1E71}.Release|x86.Build.0 = Release|Any CPU
		{772A1869-B9A7-4863-89D4-09EA36DB67F5}.Debug|Any CPU.ActiveCfg = Debug|Any CPU
		{772A1869-B9A7-4863-89D4-09EA36DB67F5}.Debug|Any CPU.Build.0 = Debug|Any CPU
		{772A1869-B9A7-4863-89D4-09EA36DB67F5}.Debug|x64.ActiveCfg = Debug|Any CPU
		{772A1869-B9A7-4863-89D4-09EA36DB67F5}.Debug|x64.Build.0 = Debug|Any CPU
		{772A1869-B9A7-4863-89D4-09EA36DB67F5}.Debug|x86.ActiveCfg = Debug|Any CPU
		{772A1869-B9A7-4863-89D4-09EA36DB67F5}.Debug|x86.Build.0 = Debug|Any CPU
		{772A1869-B9A7-4863-89D4-09EA36DB67F5}.Release|Any CPU.ActiveCfg = Release|Any CPU
		{772A1869-B9A7-4863-89D4-09EA36DB67F5}.Release|Any CPU.Build.0 = Release|Any CPU
		{772A1869-B9A7-4863-89D4-09EA36DB67F5}.Release|x64.ActiveCfg = Release|Any CPU
		{772A1869-B9A7-4863-89D4-09EA36DB67F5}.Release|x64.Build.0 = Release|Any CPU
		{772A1869-B9A7-4863-89D4-09EA36DB67F5}.Release|x86.ActiveCfg = Release|Any CPU
		{772A1869-B9A7-4863-89D4-09EA36DB67F5}.Release|x86.Build.0 = Release|Any CPU
		{C888CC96-2109-48A2-970D-60AE15568DBE}.Debug|Any CPU.ActiveCfg = Debug|Any CPU
		{C888CC96-2109-48A2-970D-60AE15568DBE}.Debug|Any CPU.Build.0 = Debug|Any CPU
		{C888CC96-2109-48A2-970D-60AE15568DBE}.Debug|x64.ActiveCfg = Debug|Any CPU
		{C888CC96-2109-48A2-970D-60AE15568DBE}.Debug|x64.Build.0 = Debug|Any CPU
		{C888CC96-2109-48A2-970D-60AE15568DBE}.Debug|x86.ActiveCfg = Debug|Any CPU
		{C888CC96-2109-48A2-970D-60AE15568DBE}.Debug|x86.Build.0 = Debug|Any CPU
		{C888CC96-2109-48A2-970D-60AE15568DBE}.Release|Any CPU.ActiveCfg = Release|Any CPU
		{C888CC96-2109-48A2-970D-60AE15568DBE}.Release|Any CPU.Build.0 = Release|Any CPU
		{C888CC96-2109-48A2-970D-60AE15568DBE}.Release|x64.ActiveCfg = Release|Any CPU
		{C888CC96-2109-48A2-970D-60AE15568DBE}.Release|x64.Build.0 = Release|Any CPU
		{C888CC96-2109-48A2-970D-60AE15568DBE}.Release|x86.ActiveCfg = Release|Any CPU
		{C888CC96-2109-48A2-970D-60AE15568DBE}.Release|x86.Build.0 = Release|Any CPU
		{85D31275-399E-4903-B94C-A29028DBB3F1}.Debug|Any CPU.ActiveCfg = Debug|Any CPU
		{85D31275-399E-4903-B94C-A29028DBB3F1}.Debug|Any CPU.Build.0 = Debug|Any CPU
		{85D31275-399E-4903-B94C-A29028DBB3F1}.Debug|x64.ActiveCfg = Debug|Any CPU
		{85D31275-399E-4903-B94C-A29028DBB3F1}.Debug|x64.Build.0 = Debug|Any CPU
		{85D31275-399E-4903-B94C-A29028DBB3F1}.Debug|x86.ActiveCfg = Debug|Any CPU
		{85D31275-399E-4903-B94C-A29028DBB3F1}.Debug|x86.Build.0 = Debug|Any CPU
		{85D31275-399E-4903-B94C-A29028DBB3F1}.Release|Any CPU.ActiveCfg = Release|Any CPU
		{85D31275-399E-4903-B94C-A29028DBB3F1}.Release|Any CPU.Build.0 = Release|Any CPU
		{85D31275-399E-4903-B94C-A29028DBB3F1}.Release|x64.ActiveCfg = Release|Any CPU
		{85D31275-399E-4903-B94C-A29028DBB3F1}.Release|x64.Build.0 = Release|Any CPU
		{85D31275-399E-4903-B94C-A29028DBB3F1}.Release|x86.ActiveCfg = Release|Any CPU
		{85D31275-399E-4903-B94C-A29028DBB3F1}.Release|x86.Build.0 = Release|Any CPU
		{8DD9B1C8-DE48-40D2-A944-2C4052C634A3}.Debug|Any CPU.ActiveCfg = Debug|Any CPU
		{8DD9B1C8-DE48-40D2-A944-2C4052C634A3}.Debug|Any CPU.Build.0 = Debug|Any CPU
		{8DD9B1C8-DE48-40D2-A944-2C4052C634A3}.Debug|x64.ActiveCfg = Debug|Any CPU
		{8DD9B1C8-DE48-40D2-A944-2C4052C634A3}.Debug|x64.Build.0 = Debug|Any CPU
		{8DD9B1C8-DE48-40D2-A944-2C4052C634A3}.Debug|x86.ActiveCfg = Debug|Any CPU
		{8DD9B1C8-DE48-40D2-A944-2C4052C634A3}.Debug|x86.Build.0 = Debug|Any CPU
		{8DD9B1C8-DE48-40D2-A944-2C4052C634A3}.Release|Any CPU.ActiveCfg = Release|Any CPU
		{8DD9B1C8-DE48-40D2-A944-2C4052C634A3}.Release|Any CPU.Build.0 = Release|Any CPU
		{8DD9B1C8-DE48-40D2-A944-2C4052C634A3}.Release|x64.ActiveCfg = Release|Any CPU
		{8DD9B1C8-DE48-40D2-A944-2C4052C634A3}.Release|x64.Build.0 = Release|Any CPU
		{8DD9B1C8-DE48-40D2-A944-2C4052C634A3}.Release|x86.ActiveCfg = Release|Any CPU
		{8DD9B1C8-DE48-40D2-A944-2C4052C634A3}.Release|x86.Build.0 = Release|Any CPU
		{CC0E8101-50AA-481A-9F55-8F8586578752}.Debug|Any CPU.ActiveCfg = Debug|Any CPU
		{CC0E8101-50AA-481A-9F55-8F8586578752}.Debug|Any CPU.Build.0 = Debug|Any CPU
		{CC0E8101-50AA-481A-9F55-8F8586578752}.Debug|x64.ActiveCfg = Debug|Any CPU
		{CC0E8101-50AA-481A-9F55-8F8586578752}.Debug|x64.Build.0 = Debug|Any CPU
		{CC0E8101-50AA-481A-9F55-8F8586578752}.Debug|x86.ActiveCfg = Debug|Any CPU
		{CC0E8101-50AA-481A-9F55-8F8586578752}.Debug|x86.Build.0 = Debug|Any CPU
		{CC0E8101-50AA-481A-9F55-8F8586578752}.Release|Any CPU.ActiveCfg = Release|Any CPU
		{CC0E8101-50AA-481A-9F55-8F8586578752}.Release|Any CPU.Build.0 = Release|Any CPU
		{CC0E8101-50AA-481A-9F55-8F8586578752}.Release|x64.ActiveCfg = Release|Any CPU
		{CC0E8101-50AA-481A-9F55-8F8586578752}.Release|x64.Build.0 = Release|Any CPU
		{CC0E8101-50AA-481A-9F55-8F8586578752}.Release|x86.ActiveCfg = Release|Any CPU
		{CC0E8101-50AA-481A-9F55-8F8586578752}.Release|x86.Build.0 = Release|Any CPU
		{43E44090-03DC-4A62-9BF1-7E9865F28D60}.Debug|Any CPU.ActiveCfg = Debug|Any CPU
		{43E44090-03DC-4A62-9BF1-7E9865F28D60}.Debug|Any CPU.Build.0 = Debug|Any CPU
		{43E44090-03DC-4A62-9BF1-7E9865F28D60}.Debug|x64.ActiveCfg = Debug|Any CPU
		{43E44090-03DC-4A62-9BF1-7E9865F28D60}.Debug|x64.Build.0 = Debug|Any CPU
		{43E44090-03DC-4A62-9BF1-7E9865F28D60}.Debug|x86.ActiveCfg = Debug|Any CPU
		{43E44090-03DC-4A62-9BF1-7E9865F28D60}.Debug|x86.Build.0 = Debug|Any CPU
		{43E44090-03DC-4A62-9BF1-7E9865F28D60}.Release|Any CPU.ActiveCfg = Release|Any CPU
		{43E44090-03DC-4A62-9BF1-7E9865F28D60}.Release|Any CPU.Build.0 = Release|Any CPU
		{43E44090-03DC-4A62-9BF1-7E9865F28D60}.Release|x64.ActiveCfg = Release|Any CPU
		{43E44090-03DC-4A62-9BF1-7E9865F28D60}.Release|x64.Build.0 = Release|Any CPU
		{43E44090-03DC-4A62-9BF1-7E9865F28D60}.Release|x86.ActiveCfg = Release|Any CPU
		{43E44090-03DC-4A62-9BF1-7E9865F28D60}.Release|x86.Build.0 = Release|Any CPU
		{A8CEC25C-2444-476B-8993-072780C79A87}.Debug|Any CPU.ActiveCfg = Debug|Any CPU
		{A8CEC25C-2444-476B-8993-072780C79A87}.Debug|Any CPU.Build.0 = Debug|Any CPU
		{A8CEC25C-2444-476B-8993-072780C79A87}.Debug|x64.ActiveCfg = Debug|Any CPU
		{A8CEC25C-2444-476B-8993-072780C79A87}.Debug|x64.Build.0 = Debug|Any CPU
		{A8CEC25C-2444-476B-8993-072780C79A87}.Debug|x86.ActiveCfg = Debug|Any CPU
		{A8CEC25C-2444-476B-8993-072780C79A87}.Debug|x86.Build.0 = Debug|Any CPU
		{A8CEC25C-2444-476B-8993-072780C79A87}.Release|Any CPU.ActiveCfg = Release|Any CPU
		{A8CEC25C-2444-476B-8993-072780C79A87}.Release|Any CPU.Build.0 = Release|Any CPU
		{A8CEC25C-2444-476B-8993-072780C79A87}.Release|x64.ActiveCfg = Release|Any CPU
		{A8CEC25C-2444-476B-8993-072780C79A87}.Release|x64.Build.0 = Release|Any CPU
		{A8CEC25C-2444-476B-8993-072780C79A87}.Release|x86.ActiveCfg = Release|Any CPU
		{A8CEC25C-2444-476B-8993-072780C79A87}.Release|x86.Build.0 = Release|Any CPU
		{A07405A3-CC6D-47C1-91F7-15699B6A4B8D}.Debug|Any CPU.ActiveCfg = Debug|Any CPU
		{A07405A3-CC6D-47C1-91F7-15699B6A4B8D}.Debug|Any CPU.Build.0 = Debug|Any CPU
		{A07405A3-CC6D-47C1-91F7-15699B6A4B8D}.Debug|x64.ActiveCfg = Debug|Any CPU
		{A07405A3-CC6D-47C1-91F7-15699B6A4B8D}.Debug|x64.Build.0 = Debug|Any CPU
		{A07405A3-CC6D-47C1-91F7-15699B6A4B8D}.Debug|x86.ActiveCfg = Debug|Any CPU
		{A07405A3-CC6D-47C1-91F7-15699B6A4B8D}.Debug|x86.Build.0 = Debug|Any CPU
		{A07405A3-CC6D-47C1-91F7-15699B6A4B8D}.Release|Any CPU.ActiveCfg = Release|Any CPU
		{A07405A3-CC6D-47C1-91F7-15699B6A4B8D}.Release|Any CPU.Build.0 = Release|Any CPU
		{A07405A3-CC6D-47C1-91F7-15699B6A4B8D}.Release|x64.ActiveCfg = Release|Any CPU
		{A07405A3-CC6D-47C1-91F7-15699B6A4B8D}.Release|x64.Build.0 = Release|Any CPU
		{A07405A3-CC6D-47C1-91F7-15699B6A4B8D}.Release|x86.ActiveCfg = Release|Any CPU
		{A07405A3-CC6D-47C1-91F7-15699B6A4B8D}.Release|x86.Build.0 = Release|Any CPU
		{B2B52550-6980-4D84-B200-4FA37024C848}.Debug|Any CPU.ActiveCfg = Debug|Any CPU
		{B2B52550-6980-4D84-B200-4FA37024C848}.Debug|Any CPU.Build.0 = Debug|Any CPU
		{B2B52550-6980-4D84-B200-4FA37024C848}.Debug|x64.ActiveCfg = Debug|Any CPU
		{B2B52550-6980-4D84-B200-4FA37024C848}.Debug|x64.Build.0 = Debug|Any CPU
		{B2B52550-6980-4D84-B200-4FA37024C848}.Debug|x86.ActiveCfg = Debug|Any CPU
		{B2B52550-6980-4D84-B200-4FA37024C848}.Debug|x86.Build.0 = Debug|Any CPU
		{B2B52550-6980-4D84-B200-4FA37024C848}.Release|Any CPU.ActiveCfg = Release|Any CPU
		{B2B52550-6980-4D84-B200-4FA37024C848}.Release|Any CPU.Build.0 = Release|Any CPU
		{B2B52550-6980-4D84-B200-4FA37024C848}.Release|x64.ActiveCfg = Release|Any CPU
		{B2B52550-6980-4D84-B200-4FA37024C848}.Release|x64.Build.0 = Release|Any CPU
		{B2B52550-6980-4D84-B200-4FA37024C848}.Release|x86.ActiveCfg = Release|Any CPU
		{B2B52550-6980-4D84-B200-4FA37024C848}.Release|x86.Build.0 = Release|Any CPU
		{CC3FE7C1-A181-4377-B3E0-9D361A786500}.Debug|Any CPU.ActiveCfg = Debug|Any CPU
		{CC3FE7C1-A181-4377-B3E0-9D361A786500}.Debug|Any CPU.Build.0 = Debug|Any CPU
		{CC3FE7C1-A181-4377-B3E0-9D361A786500}.Debug|x64.ActiveCfg = Debug|Any CPU
		{CC3FE7C1-A181-4377-B3E0-9D361A786500}.Debug|x64.Build.0 = Debug|Any CPU
		{CC3FE7C1-A181-4377-B3E0-9D361A786500}.Debug|x86.ActiveCfg = Debug|Any CPU
		{CC3FE7C1-A181-4377-B3E0-9D361A786500}.Debug|x86.Build.0 = Debug|Any CPU
		{CC3FE7C1-A181-4377-B3E0-9D361A786500}.Release|Any CPU.ActiveCfg = Release|Any CPU
		{CC3FE7C1-A181-4377-B3E0-9D361A786500}.Release|Any CPU.Build.0 = Release|Any CPU
		{CC3FE7C1-A181-4377-B3E0-9D361A786500}.Release|x64.ActiveCfg = Release|Any CPU
		{CC3FE7C1-A181-4377-B3E0-9D361A786500}.Release|x64.Build.0 = Release|Any CPU
		{CC3FE7C1-A181-4377-B3E0-9D361A786500}.Release|x86.ActiveCfg = Release|Any CPU
		{CC3FE7C1-A181-4377-B3E0-9D361A786500}.Release|x86.Build.0 = Release|Any CPU
		{32DBC580-3973-4587-A3C6-E7CD953730DE}.Debug|Any CPU.ActiveCfg = Debug|Any CPU
		{32DBC580-3973-4587-A3C6-E7CD953730DE}.Debug|Any CPU.Build.0 = Debug|Any CPU
		{32DBC580-3973-4587-A3C6-E7CD953730DE}.Debug|x64.ActiveCfg = Debug|Any CPU
		{32DBC580-3973-4587-A3C6-E7CD953730DE}.Debug|x64.Build.0 = Debug|Any CPU
		{32DBC580-3973-4587-A3C6-E7CD953730DE}.Debug|x86.ActiveCfg = Debug|Any CPU
		{32DBC580-3973-4587-A3C6-E7CD953730DE}.Debug|x86.Build.0 = Debug|Any CPU
		{32DBC580-3973-4587-A3C6-E7CD953730DE}.Release|Any CPU.ActiveCfg = Release|Any CPU
		{32DBC580-3973-4587-A3C6-E7CD953730DE}.Release|Any CPU.Build.0 = Release|Any CPU
		{32DBC580-3973-4587-A3C6-E7CD953730DE}.Release|x64.ActiveCfg = Release|Any CPU
		{32DBC580-3973-4587-A3C6-E7CD953730DE}.Release|x64.Build.0 = Release|Any CPU
		{32DBC580-3973-4587-A3C6-E7CD953730DE}.Release|x86.ActiveCfg = Release|Any CPU
		{32DBC580-3973-4587-A3C6-E7CD953730DE}.Release|x86.Build.0 = Release|Any CPU
		{441822D6-26EC-42BC-A3FA-3FCF34BD3325}.Debug|Any CPU.ActiveCfg = Debug|Any CPU
		{441822D6-26EC-42BC-A3FA-3FCF34BD3325}.Debug|Any CPU.Build.0 = Debug|Any CPU
		{441822D6-26EC-42BC-A3FA-3FCF34BD3325}.Debug|x64.ActiveCfg = Debug|Any CPU
		{441822D6-26EC-42BC-A3FA-3FCF34BD3325}.Debug|x64.Build.0 = Debug|Any CPU
		{441822D6-26EC-42BC-A3FA-3FCF34BD3325}.Debug|x86.ActiveCfg = Debug|Any CPU
		{441822D6-26EC-42BC-A3FA-3FCF34BD3325}.Debug|x86.Build.0 = Debug|Any CPU
		{441822D6-26EC-42BC-A3FA-3FCF34BD3325}.Release|Any CPU.ActiveCfg = Release|Any CPU
		{441822D6-26EC-42BC-A3FA-3FCF34BD3325}.Release|Any CPU.Build.0 = Release|Any CPU
		{441822D6-26EC-42BC-A3FA-3FCF34BD3325}.Release|x64.ActiveCfg = Release|Any CPU
		{441822D6-26EC-42BC-A3FA-3FCF34BD3325}.Release|x64.Build.0 = Release|Any CPU
		{441822D6-26EC-42BC-A3FA-3FCF34BD3325}.Release|x86.ActiveCfg = Release|Any CPU
		{441822D6-26EC-42BC-A3FA-3FCF34BD3325}.Release|x86.Build.0 = Release|Any CPU
	EndGlobalSection
	GlobalSection(SolutionProperties) = preSolution
		HideSolutionNode = FALSE
	EndGlobalSection
	GlobalSection(NestedProjects) = preSolution
		{2519DD50-A79A-48C9-A3F3-ACDB35E95FB0} = {827E0CD3-B72D-47B6-A68D-7590B98EB39B}
		{E16537AD-189A-4593-B390-CB39AF7A1E71} = {827E0CD3-B72D-47B6-A68D-7590B98EB39B}
		{772A1869-B9A7-4863-89D4-09EA36DB67F5} = {827E0CD3-B72D-47B6-A68D-7590B98EB39B}
		{C888CC96-2109-48A2-970D-60AE15568DBE} = {827E0CD3-B72D-47B6-A68D-7590B98EB39B}
		{85D31275-399E-4903-B94C-A29028DBB3F1} = {827E0CD3-B72D-47B6-A68D-7590B98EB39B}
		{8DD9B1C8-DE48-40D2-A944-2C4052C634A3} = {827E0CD3-B72D-47B6-A68D-7590B98EB39B}
		{CC0E8101-50AA-481A-9F55-8F8586578752} = {827E0CD3-B72D-47B6-A68D-7590B98EB39B}
		{43E44090-03DC-4A62-9BF1-7E9865F28D60} = {827E0CD3-B72D-47B6-A68D-7590B98EB39B}
		{A8CEC25C-2444-476B-8993-072780C79A87} = {827E0CD3-B72D-47B6-A68D-7590B98EB39B}
		{A07405A3-CC6D-47C1-91F7-15699B6A4B8D} = {0AB3BF05-4346-4AA6-1389-037BE0695223}
		{B2B52550-6980-4D84-B200-4FA37024C848} = {0AB3BF05-4346-4AA6-1389-037BE0695223}
		{CC3FE7C1-A181-4377-B3E0-9D361A786500} = {0AB3BF05-4346-4AA6-1389-037BE0695223}
		{32DBC580-3973-4587-A3C6-E7CD953730DE} = {0AB3BF05-4346-4AA6-1389-037BE0695223}
		{441822D6-26EC-42BC-A3FA-3FCF34BD3325} = {0AB3BF05-4346-4AA6-1389-037BE0695223}
	EndGlobalSection
EndGlobal
